
Microsoft Visual Studio Solution File, Format Version 12.00
# Visual Studio Version 17
VisualStudioVersion = 17.6.33723.286
MinimumVisualStudioVersion = 10.0.40219.1
Project("{FAE04EC0-301F-11D3-BF4B-00C04F79EFBC}") = "DotNetCoreWithReactMVC", "DotNetCoreWithReactMVC.csproj", "{94BD81DF-6479-48AA-9444-9FCF775EFC14}"
EndProject
Global
	GlobalSection(SolutionConfigurationPlatforms) = preSolution
		Debug|Any CPU = Debug|Any CPU
		Release|Any CPU = Release|Any CPU
	EndGlobalSection
	GlobalSection(ProjectConfigurationPlatforms) = postSolution
		{94BD81DF-6479-48AA-9444-9FCF775EFC14}.Debug|Any CPU.ActiveCfg = Debug|Any CPU
		{94BD81DF-6479-48AA-9444-9FCF775EFC14}.Debug|Any CPU.Build.0 = Debug|Any CPU
		{94BD81DF-6479-48AA-9444-9FCF775EFC14}.Release|Any CPU.ActiveCfg = Release|Any CPU
		{94BD81DF-6479-48AA-9444-9FCF775EFC14}.Release|Any CPU.Build.0 = Release|Any CPU
	EndGlobalSection
	GlobalSection(SolutionProperties) = preSolution
		HideSolutionNode = FALSE
	EndGlobalSection
	GlobalSection(ExtensibilityGlobals) = postSolution
		SolutionGuid = {A643ABD4-7258-4EE3-8CD5-E5D281480ED1}
	EndGlobalSection
EndGlobal
